Microsoft Visual Studio Solution File, Format Version 12.00
# Visual Studio Version 17
VisualStudioVersion = 17.5.2.0
MinimumVisualStudioVersion = 10.0.40219.1
Project("{FAE04EC0-301F-11D3-BF4B-00C04F79EFBC}") = "BWPlayerTwitchMagic", "BWPlayerTwitchMagic.csproj", "{7964CAB7-3463-6219-F8EF-8A230E16BA88}"
EndProject
Global
	GlobalSection(SolutionConfigurationPlatforms) = preSolution
		Debug|Any CPU = Debug|Any CPU
		Release|Any CPU = Release|Any CPU
	EndGlobalSection
	GlobalSection(ProjectConfigurationPlatforms) = postSolution
		{7964CAB7-3463-6219-F8EF-8A230E16BA88}.Debug|Any CPU.ActiveCfg = Debug|Any CPU
		{7964CAB7-3463-6219-F8EF-8A230E16BA88}.Debug|Any CPU.Build.0 = Debug|Any CPU
		{7964CAB7-3463-6219-F8EF-8A230E16BA88}.Release|Any CPU.ActiveCfg = Release|Any CPU
		{7964CAB7-3463-6219-F8EF-8A230E16BA88}.Release|Any CPU.Build.0 = Release|Any CPU
	EndGlobalSection
	GlobalSection(SolutionProperties) = preSolution
		HideSolutionNode = FALSE
	EndGlobalSection
	GlobalSection(ExtensibilityGlobals) = postSolution
		SolutionGuid = {DE6B2808-3897-45D4-B0E9-E75C13F67129}
	EndGlobalSection
EndGlobal
